
Microsoft Visual Studio Solution File, Format Version 12.00
# Visual Studio Version 17
VisualStudioVersion = 17.4.33122.133
MinimumVisualStudioVersion = 10.0.40219.1
Project("{2150E333-8FDC-42A3-9474-1A3956D46DE8}") = "Services", "Services", "{A79F1EE4-8A03-4F25-A90C-8C06A0FD6186}"
EndProject
Project("{2150E333-8FDC-42A3-9474-1A3956D46DE8}") = "Catalog", "Catalog", "{09ED6D55-C4F3-4818-9065-A4B634E107BE}"
EndProject
Project("{9A19103F-16F7-4668-BE54-9A1E7A4F7556}") = "Catalog.API", "Services\Catalog\Catalog.API\Catalog.API.csproj", "{96EAA2DC-79F5-49E8-9238-3715CEC38875}"
EndProject
Project("{E53339B2-1760-4266-BCC7-CA923CBCF16C}") = "docker-compose", "docker-compose.dcproj", "{39F87E8F-E080-4242-99F7-046AEBDEF7DA}"
EndProject
Project("{2150E333-8FDC-42A3-9474-1A3956D46DE8}") = "Basket", "Basket", "{F5FE7CAB-D908-4A3E-9C5D-259CD9F7ED06}"
EndProject
Project("{9A19103F-16F7-4668-BE54-9A1E7A4F7556}") = "Basket.API", "Services\Basket\Basket.API\Basket.API.csproj", "{3A59352B-D97B-4046-A472-96C9B67FDCC9}"
EndProject
Project("{2150E333-8FDC-42A3-9474-1A3956D46DE8}") = "Discount", "Discount", "{4B81F054-C41A-4BBF-8906-F032608A1EB2}"
EndProject
Project("{9A19103F-16F7-4668-BE54-9A1E7A4F7556}") = "Discount.API", "Services\Discount\Discount.API\Discount.API.csproj", "{8068F23F-2BE6-41DD-B464-86E56A496759}"
EndProject
Project("{9A19103F-16F7-4668-BE54-9A1E7A4F7556}") = "Discount.Grpc", "Services\Discount\Discount.Grpc\Discount.Grpc.csproj", "{E0A7442B-2C7F-42E9-BA28-18C5656BF4F3}"
EndProject
Project("{2150E333-8FDC-42A3-9474-1A3956D46DE8}") = "Ordering", "Ordering", "{0C146340-54B5-4A9B-A3EC-6C9C28AF78BC}"
EndProject
Project("{9A19103F-16F7-4668-BE54-9A1E7A4F7556}") = "Ordering.API", "Services\Ordering\Ordering.API\Ordering.API.csproj", "{DBB60F73-806E-4449-863F-A9CA2CC71B7B}"
EndProject
Project("{9A19103F-16F7-4668-BE54-9A1E7A4F7556}") = "Ordering.Domain", "Services\Ordering\Ordering.Domain\Ordering.Domain.csproj", "{78EAA337-EAAC-421E-BA8B-596F8743BAF1}"
EndProject
Project("{9A19103F-16F7-4668-BE54-9A1E7A4F7556}") = "Ordering.Application", "Services\Ordering\Ordering.Application\Ordering.Application.csproj", "{89F35F0D-F9BC-4178-B55B-09CCBC712568}"
EndProject
Project("{9A19103F-16F7-4668-BE54-9A1E7A4F7556}") = "Ordering.Infrastructure", "Services\Ordering\Ordering.Infrastructure\Ordering.Infrastructure.csproj", "{36A99676-238B-4B2F-9C78-E9D6F32318C0}"
EndProject
Project("{2150E333-8FDC-42A3-9474-1A3956D46DE8}") = "BuildingBlocks", "BuildingBlocks", "{4CE44EB6-4503-4E1B-9226-EB7F5F78B59C}"
EndProject
Project("{9A19103F-16F7-4668-BE54-9A1E7A4F7556}") = "EventBus.Messages", "BuildingBlocks\EventBus.Messages\EventBus.Messages.csproj", "{514D9EA4-ACBE-46A5-A980-2FC3D10164FD}"
EndProject
Project("{2150E333-8FDC-42A3-9474-1A3956D46DE8}") = "ApiGateways", "ApiGateways", "{A2969061-EA51-4B0A-900C-77FFD09F9A2B}"
EndProject
Project("{9A19103F-16F7-4668-BE54-9A1E7A4F7556}") = "OcelotApiGw", "ApiGateways\OcelotApiGw\OcelotApiGw.csproj", "{0291E1A4-BD33-429B-996A-A4D3AF7892BA}"
EndProject
Project("{FAE04EC0-301F-11D3-BF4B-00C04F79EFBC}") = "Shopping.Aggregator", "ApiGateways\Shopping.Aggregator\Shopping.Aggregator.csproj", "{A2DDC4D0-F9B6-4ECB-A4F8-6F3F812665A8}"
EndProject
Global
	GlobalSection(SolutionConfigurationPlatforms) = preSolution
		Debug|Any CPU = Debug|Any CPU
		Release|Any CPU = Release|Any CPU
	EndGlobalSection
	GlobalSection(ProjectConfigurationPlatforms) = postSolution
		{96EAA2DC-79F5-49E8-9238-3715CEC38875}.Debug|Any CPU.ActiveCfg = Debug|Any CPU
		{96EAA2DC-79F5-49E8-9238-3715CEC38875}.Debug|Any CPU.Build.0 = Debug|Any CPU
		{96EAA2DC-79F5-49E8-9238-3715CEC38875}.Release|Any CPU.ActiveCfg = Release|Any CPU
		{96EAA2DC-79F5-49E8-9238-3715CEC38875}.Release|Any CPU.Build.0 = Release|Any CPU
		{39F87E8F-E080-4242-99F7-046AEBDEF7DA}.Debug|Any CPU.ActiveCfg = Debug|Any CPU
		{39F87E8F-E080-4242-99F7-046AEBDEF7DA}.Debug|Any CPU.Build.0 = Debug|Any CPU
		{39F87E8F-E080-4242-99F7-046AEBDEF7DA}.Release|Any CPU.ActiveCfg = Release|Any CPU
		{39F87E8F-E080-4242-99F7-046AEBDEF7DA}.Release|Any CPU.Build.0 = Release|Any CPU
		{3A59352B-D97B-4046-A472-96C9B67FDCC9}.Debug|Any CPU.ActiveCfg = Debug|Any CPU
		{3A59352B-D97B-4046-A472-96C9B67FDCC9}.Debug|Any CPU.Build.0 = Debug|Any CPU
		{3A59352B-D97B-4046-A472-96C9B67FDCC9}.Release|Any CPU.ActiveCfg = Release|Any CPU
		{3A59352B-D97B-4046-A472-96C9B67FDCC9}.Release|Any CPU.Build.0 = Release|Any CPU
		{8068F23F-2BE6-41DD-B464-86E56A496759}.Debug|Any CPU.ActiveCfg = Debug|Any CPU
		{8068F23F-2BE6-41DD-B464-86E56A496759}.Debug|Any CPU.Build.0 = Debug|Any CPU
		{8068F23F-2BE6-41DD-B464-86E56A496759}.Release|Any CPU.ActiveCfg = Release|Any CPU
		{8068F23F-2BE6-41DD-B464-86E56A496759}.Release|Any CPU.Build.0 = Release|Any CPU
		{E0A7442B-2C7F-42E9-BA28-18C5656BF4F3}.Debug|Any CPU.ActiveCfg = Debug|Any CPU
		{E0A7442B-2C7F-42E9-BA28-18C5656BF4F3}.Debug|Any CPU.Build.0 = Debug|Any CPU
		{E0A7442B-2C7F-42E9-BA28-18C5656BF4F3}.Release|Any CPU.ActiveCfg = Release|Any CPU
		{E0A7442B-2C7F-42E9-BA28-18C5656BF4F3}.Release|Any CPU.Build.0 = Release|Any CPU
		{DBB60F73-806E-4449-863F-A9CA2CC71B7B}.Debug|Any CPU.ActiveCfg = Debug|Any CPU
		{DBB60F73-806E-4449-863F-A9CA2CC71B7B}.Debug|Any CPU.Build.0 = Debug|Any CPU
		{DBB60F73-806E-4449-863F-A9CA2CC71B7B}.Release|Any CPU.ActiveCfg = Release|Any CPU
		{DBB60F73-806E-4449-863F-A9CA2CC71B7B}.Release|Any CPU.Build.0 = Release|Any CPU
		{78EAA337-EAAC-421E-BA8B-596F8743BAF1}.Debug|Any CPU.ActiveCfg = Debug|Any CPU
		{78EAA337-EAAC-421E-BA8B-596F8743BAF1}.Debug|Any CPU.Build.0 = Debug|Any CPU
		{78EAA337-EAAC-421E-BA8B-596F8743BAF1}.Release|Any CPU.ActiveCfg = Release|Any CPU
		{78EAA337-EAAC-421E-BA8B-596F8743BAF1}.Release|Any CPU.Build.0 = Release|Any CPU
		{89F35F0D-F9BC-4178-B55B-09CCBC712568}.Debug|Any CPU.ActiveCfg = Debug|Any CPU
		{89F35F0D-F9BC-4178-B55B-09CCBC712568}.Debug|Any CPU.Build.0 = Debug|Any CPU
		{89F35F0D-F9BC-4178-B55B-09CCBC712568}.Release|Any CPU.ActiveCfg = Release|Any CPU
		{89F35F0D-F9BC-4178-B55B-09CCBC712568}.Release|Any CPU.Build.0 = Release|Any CPU
		{36A99676-238B-4B2F-9C78-E9D6F32318C0}.Debug|Any CPU.ActiveCfg = Debug|Any CPU
		{36A99676-238B-4B2F-9C78-E9D6F32318C0}.Debug|Any CPU.Build.0 = Debug|Any CPU
		{36A99676-238B-4B2F-9C78-E9D6F32318C0}.Release|Any CPU.ActiveCfg = Release|Any CPU
		{36A99676-238B-4B2F-9C78-E9D6F32318C0}.Release|Any CPU.Build.0 = Release|Any CPU
		{514D9EA4-ACBE-46A5-A980-2FC3D10164FD}.Debug|Any CPU.ActiveCfg = Debug|Any CPU
		{514D9EA4-ACBE-46A5-A980-2FC3D10164FD}.Debug|Any CPU.Build.0 = Debug|Any CPU
		{514D9EA4-ACBE-46A5-A980-2FC3D10164FD}.Release|Any CPU.ActiveCfg = Release|Any CPU
		{514D9EA4-ACBE-46A5-A980-2FC3D10164FD}.Release|Any CPU.Build.0 = Release|Any CPU
		{0291E1A4-BD33-429B-996A-A4D3AF7892BA}.Debug|Any CPU.ActiveCfg = Debug|Any CPU
		{0291E1A4-BD33-429B-996A-A4D3AF7892BA}.Debug|Any CPU.Build.0 = Debug|Any CPU
		{0291E1A4-BD33-429B-996A-A4D3AF7892BA}.Release|Any CPU.ActiveCfg = Release|Any CPU
		{0291E1A4-BD33-429B-996A-A4D3AF7892BA}.Release|Any CPU.Build.0 = Release|Any CPU
		{A2DDC4D0-F9B6-4ECB-A4F8-6F3F812665A8}.Debug|Any CPU.ActiveCfg = Debug|Any CPU
		{A2DDC4D0-F9B6-4ECB-A4F8-6F3F812665A8}.Debug|Any CPU.Build.0 = Debug|Any CPU
		{A2DDC4D0-F9B6-4ECB-A4F8-6F3F812665A8}.Release|Any CPU.ActiveCfg = Release|Any CPU
		{A2DDC4D0-F9B6-4ECB-A4F8-6F3F812665A8}.Release|Any CPU.Build.0 = Release|Any CPU
	EndGlobalSection
	GlobalSection(SolutionProperties) = preSolution
		HideSolutionNode = FALSE
	EndGlobalSection
	GlobalSection(NestedProjects) = preSolution
		{09ED6D55-C4F3-4818-9065-A4B634E107BE} = {A79F1EE4-8A03-4F25-A90C-8C06A0FD6186}
		{96EAA2DC-79F5-49E8-9238-3715CEC38875} = {09ED6D55-C4F3-4818-9065-A4B634E107BE}
		{F5FE7CAB-D908-4A3E-9C5D-259CD9F7ED06} = {A79F1EE4-8A03-4F25-A90C-8C06A0FD6186}
		{3A59352B-D97B-4046-A472-96C9B67FDCC9} = {F5FE7CAB-D908-4A3E-9C5D-259CD9F7ED06}
		{4B81F054-C41A-4BBF-8906-F032608A1EB2} = {A79F1EE4-8A03-4F25-A90C-8C06A0FD6186}
		{8068F23F-2BE6-41DD-B464-86E56A496759} = {4B81F054-C41A-4BBF-8906-F032608A1EB2}
		{E0A7442B-2C7F-42E9-BA28-18C5656BF4F3} = {4B81F054-C41A-4BBF-8906-F032608A1EB2}
		{0C146340-54B5-4A9B-A3EC-6C9C28AF78BC} = {A79F1EE4-8A03-4F25-A90C-8C06A0FD6186}
		{DBB60F73-806E-4449-863F-A9CA2CC71B7B} = {0C146340-54B5-4A9B-A3EC-6C9C28AF78BC}
		{78EAA337-EAAC-421E-BA8B-596F8743BAF1} = {0C146340-54B5-4A9B-A3EC-6C9C28AF78BC}
		{89F35F0D-F9BC-4178-B55B-09CCBC712568} = {0C146340-54B5-4A9B-A3EC-6C9C28AF78BC}
		{36A99676-238B-4B2F-9C78-E9D6F32318C0} = {0C146340-54B5-4A9B-A3EC-6C9C28AF78BC}
		{514D9EA4-ACBE-46A5-A980-2FC3D10164FD} = {4CE44EB6-4503-4E1B-9226-EB7F5F78B59C}
		{0291E1A4-BD33-429B-996A-A4D3AF7892BA} = {A2969061-EA51-4B0A-900C-77FFD09F9A2B}
		{A2DDC4D0-F9B6-4ECB-A4F8-6F3F812665A8} = {A2969061-EA51-4B0A-900C-77FFD09F9A2B}
	EndGlobalSection
	GlobalSection(ExtensibilityGlobals) = postSolution
		SolutionGuid = {AE3216DE-2D1D-4501-BD9A-DF7F46FA33F7}
	EndGlobalSection
EndGlobal
