
Microsoft Visual Studio Solution File, Format Version 12.00
# Visual Studio Version 16
VisualStudioVersion = 16.0.32901.82
MinimumVisualStudioVersion = 10.0.40219.1
Project("{2150E333-8FDC-42A3-9474-1A3956D46DE8}") = "Services", "Services", "{A79F1EE4-8A03-4F25-A90C-8C06A0FD6186}"
EndProject
Project("{2150E333-8FDC-42A3-9474-1A3956D46DE8}") = "Catalog", "Catalog", "{09ED6D55-C4F3-4818-9065-A4B634E107BE}"
EndProject
Project("{9A19103F-16F7-4668-BE54-9A1E7A4F7556}") = "Catalog.API", "Services\Catalog\Catalog.API\Catalog.API.csproj", "{96EAA2DC-79F5-49E8-9238-3715CEC38875}"
EndProject
Project("{E53339B2-1760-4266-BCC7-CA923CBCF16C}") = "docker-compose", "docker-compose.dcproj", "{39F87E8F-E080-4242-99F7-046AEBDEF7DA}"
EndProject
Project("{2150E333-8FDC-42A3-9474-1A3956D46DE8}") = "Basket", "Basket", "{F5FE7CAB-D908-4A3E-9C5D-259CD9F7ED06}"
EndProject
Project("{9A19103F-16F7-4668-BE54-9A1E7A4F7556}") = "Basket.API", "Services\Basket\Basket.API\Basket.API.csproj", "{3A59352B-D97B-4046-A472-96C9B67FDCC9}"
EndProject
Project("{2150E333-8FDC-42A3-9474-1A3956D46DE8}") = "Discount", "Discount", "{4B81F054-C41A-4BBF-8906-F032608A1EB2}"
EndProject
Project("{FAE04EC0-301F-11D3-BF4B-00C04F79EFBC}") = "Discount.API", "Services\Discount\Discount.API\Discount.API.csproj", "{8068F23F-2BE6-41DD-B464-86E56A496759}"
EndProject
Global
	GlobalSection(SolutionConfigurationPlatforms) = preSolution
		Debug|Any CPU = Debug|Any CPU
		Release|Any CPU = Release|Any CPU
	EndGlobalSection
	GlobalSection(ProjectConfigurationPlatforms) = postSolution
		{96EAA2DC-79F5-49E8-9238-3715CEC38875}.Debug|Any CPU.ActiveCfg = Debug|Any CPU
		{96EAA2DC-79F5-49E8-9238-3715CEC38875}.Debug|Any CPU.Build.0 = Debug|Any CPU
		{96EAA2DC-79F5-49E8-9238-3715CEC38875}.Release|Any CPU.ActiveCfg = Release|Any CPU
		{96EAA2DC-79F5-49E8-9238-3715CEC38875}.Release|Any CPU.Build.0 = Release|Any CPU
		{39F87E8F-E080-4242-99F7-046AEBDEF7DA}.Debug|Any CPU.ActiveCfg = Debug|Any CPU
		{39F87E8F-E080-4242-99F7-046AEBDEF7DA}.Debug|Any CPU.Build.0 = Debug|Any CPU
		{39F87E8F-E080-4242-99F7-046AEBDEF7DA}.Release|Any CPU.ActiveCfg = Release|Any CPU
		{39F87E8F-E080-4242-99F7-046AEBDEF7DA}.Release|Any CPU.Build.0 = Release|Any CPU
		{3A59352B-D97B-4046-A472-96C9B67FDCC9}.Debug|Any CPU.ActiveCfg = Debug|Any CPU
		{3A59352B-D97B-4046-A472-96C9B67FDCC9}.Debug|Any CPU.Build.0 = Debug|Any CPU
		{3A59352B-D97B-4046-A472-96C9B67FDCC9}.Release|Any CPU.ActiveCfg = Release|Any CPU
		{3A59352B-D97B-4046-A472-96C9B67FDCC9}.Release|Any CPU.Build.0 = Release|Any CPU
		{8068F23F-2BE6-41DD-B464-86E56A496759}.Debug|Any CPU.ActiveCfg = Debug|Any CPU
		{8068F23F-2BE6-41DD-B464-86E56A496759}.Debug|Any CPU.Build.0 = Debug|Any CPU
		{8068F23F-2BE6-41DD-B464-86E56A496759}.Release|Any CPU.ActiveCfg = Release|Any CPU
		{8068F23F-2BE6-41DD-B464-86E56A496759}.Release|Any CPU.Build.0 = Release|Any CPU
	EndGlobalSection
	GlobalSection(SolutionProperties) = preSolution
		HideSolutionNode = FALSE
	EndGlobalSection
	GlobalSection(NestedProjects) = preSolution
		{09ED6D55-C4F3-4818-9065-A4B634E107BE} = {A79F1EE4-8A03-4F25-A90C-8C06A0FD6186}
		{96EAA2DC-79F5-49E8-9238-3715CEC38875} = {09ED6D55-C4F3-4818-9065-A4B634E107BE}
		{F5FE7CAB-D908-4A3E-9C5D-259CD9F7ED06} = {A79F1EE4-8A03-4F25-A90C-8C06A0FD6186}
		{3A59352B-D97B-4046-A472-96C9B67FDCC9} = {F5FE7CAB-D908-4A3E-9C5D-259CD9F7ED06}
		{4B81F054-C41A-4BBF-8906-F032608A1EB2} = {A79F1EE4-8A03-4F25-A90C-8C06A0FD6186}
		{8068F23F-2BE6-41DD-B464-86E56A496759} = {4B81F054-C41A-4BBF-8906-F032608A1EB2}
	EndGlobalSection
	GlobalSection(ExtensibilityGlobals) = postSolution
		SolutionGuid = {AE3216DE-2D1D-4501-BD9A-DF7F46FA33F7}
	EndGlobalSection
EndGlobal
